// !$*UTF8*$!
{
	archiveVersion = 1;
	classes = {
	};
	objectVersion = 51;
	objects = {

/* Begin PBXBuildFile section */
		57099891243C9BB400929A49 /* EventVC.swift in Sources */ = {isa = PBXBuildFile; fileRef = 57099890243C9BB400929A49 /* EventVC.swift */; };
		57099893243C9C0300929A49 /* EventListCell.swift in Sources */ = {isa = PBXBuildFile; fileRef = 57099892243C9C0300929A49 /* EventListCell.swift */; };
		570998B42441CCB900929A49 /* SearchCell.swift in Sources */ = {isa = PBXBuildFile; fileRef = 570998B32441CCB900929A49 /* SearchCell.swift */; };
		570998B62441CCEB00929A49 /* PersistenceManager.swift in Sources */ = {isa = PBXBuildFile; fileRef = 570998B52441CCEB00929A49 /* PersistenceManager.swift */; };
		570998B82441D25E00929A49 /* FLDataLoadingVC.swift in Sources */ = {isa = PBXBuildFile; fileRef = 570998B72441D25E00929A49 /* FLDataLoadingVC.swift */; };
		570998BA2442F58500929A49 /* SearchResult.swift in Sources */ = {isa = PBXBuildFile; fileRef = 570998B92442F58500929A49 /* SearchResult.swift */; };
		570998BC24446BA300929A49 /* SearchTag.swift in Sources */ = {isa = PBXBuildFile; fileRef = 570998BB24446BA300929A49 /* SearchTag.swift */; };
		570998C2244561E400929A49 /* FLEmptyStateView.swift in Sources */ = {isa = PBXBuildFile; fileRef = 570998C1244561E400929A49 /* FLEmptyStateView.swift */; };
		570998C42445841600929A49 /* FLAddToCartSuccessVC.swift in Sources */ = {isa = PBXBuildFile; fileRef = 570998C32445841600929A49 /* FLAddToCartSuccessVC.swift */; };
		5721C1FB24317B2700358042 /* ShopFilterCell.swift in Sources */ = {isa = PBXBuildFile; fileRef = 5721C1FA24317B2700358042 /* ShopFilterCell.swift */; };
		5721C1FD24317B7300358042 /* ShopHeaderSV.swift in Sources */ = {isa = PBXBuildFile; fileRef = 5721C1FC24317B7300358042 /* ShopHeaderSV.swift */; };
		5721C1FF24317B9700358042 /* ShopListCell.swift in Sources */ = {isa = PBXBuildFile; fileRef = 5721C1FE24317B9700358042 /* ShopListCell.swift */; };
		5721C2092431BAAD00358042 /* ShopFilterView.swift in Sources */ = {isa = PBXBuildFile; fileRef = 5721C2082431BAAD00358042 /* ShopFilterView.swift */; };
		57449393243321610093F0DE /* ShopInfoVC.swift in Sources */ = {isa = PBXBuildFile; fileRef = 57449392243321610093F0DE /* ShopInfoVC.swift */; };
		574493972433218A0093F0DE /* ShopInfo.swift in Sources */ = {isa = PBXBuildFile; fileRef = 574493962433218A0093F0DE /* ShopInfo.swift */; };
		57449398243327290093F0DE /* Pods_MySimpleTest.framework in Frameworks */ = {isa = PBXBuildFile; fileRef = F2BC2BA154496F0D7B9EE440 /* Pods_MySimpleTest.framework */; };
		57449399243327290093F0DE /* Pods_MySimpleTest.framework in Embed Frameworks */ = {isa = PBXBuildFile; fileRef = F2BC2BA154496F0D7B9EE440 /* Pods_MySimpleTest.framework */; settings = {ATTRIBUTES = (RemoveHeadersOnCopy, ); }; };
		5744939D243960F20093F0DE /* ShopCell.swift in Sources */ = {isa = PBXBuildFile; fileRef = 5744939C243960F20093F0DE /* ShopCell.swift */; };
		5744939F243961110093F0DE /* EventCell.swift in Sources */ = {isa = PBXBuildFile; fileRef = 5744939E243961110093F0DE /* EventCell.swift */; };
		574493A1243961330093F0DE /* ProductCell.swift in Sources */ = {isa = PBXBuildFile; fileRef = 574493A0243961330093F0DE /* ProductCell.swift */; };
		574493A3243961480093F0DE /* ReviewCell.swift in Sources */ = {isa = PBXBuildFile; fileRef = 574493A2243961480093F0DE /* ReviewCell.swift */; };
		574493A5243961610093F0DE /* RecommendationCell.swift in Sources */ = {isa = PBXBuildFile; fileRef = 574493A4243961610093F0DE /* RecommendationCell.swift */; };
		574493AD2439A3CC0093F0DE /* ReviewImageCell.swift in Sources */ = {isa = PBXBuildFile; fileRef = 574493AC2439A3CC0093F0DE /* ReviewImageCell.swift */; };
		574493AF243A0E860093F0DE /* Date+Ext.swift in Sources */ = {isa = PBXBuildFile; fileRef = 574493AE243A0E860093F0DE /* Date+Ext.swift */; };
		574493B1243C57BE0093F0DE /* ProductVC.swift in Sources */ = {isa = PBXBuildFile; fileRef = 574493B0243C57BE0093F0DE /* ProductVC.swift */; };
		574493B5243C5BAA0093F0DE /* ProductListCell.swift in Sources */ = {isa = PBXBuildFile; fileRef = 574493B4243C5BAA0093F0DE /* ProductListCell.swift */; };
		574493B7243C60E40093F0DE /* FLHeaderSV.swift in Sources */ = {isa = PBXBuildFile; fileRef = 574493B6243C60E40093F0DE /* FLHeaderSV.swift */; };
		AB2B465A241F36B6006EFE10 /* Constants.swift in Sources */ = {isa = PBXBuildFile; fileRef = AB2B4659241F36B6006EFE10 /* Constants.swift */; };
		AB2B466B241F3C74006EFE10 /* FSLHeadView.swift in Sources */ = {isa = PBXBuildFile; fileRef = AB2B466A241F3C74006EFE10 /* FSLHeadView.swift */; };
		AB2B466D241F47BA006EFE10 /* SignInVC.swift in Sources */ = {isa = PBXBuildFile; fileRef = AB2B466C241F47BA006EFE10 /* SignInVC.swift */; };
		AB2B46712420A59D006EFE10 /* String+Ext.swift in Sources */ = {isa = PBXBuildFile; fileRef = AB2B46702420A59D006EFE10 /* String+Ext.swift */; };
		AB2B46752420B9B6006EFE10 /* FSLItemInfoView.swift in Sources */ = {isa = PBXBuildFile; fileRef = AB2B46742420B9B6006EFE10 /* FSLItemInfoView.swift */; };
		AB2B46792420C241006EFE10 /* FSLAccountDetailVC.swift in Sources */ = {isa = PBXBuildFile; fileRef = AB2B46782420C241006EFE10 /* FSLAccountDetailVC.swift */; };
		AB3C15EE242F206800EB87E2 /* ShopVC.swift in Sources */ = {isa = PBXBuildFile; fileRef = AB3C15ED242F206800EB87E2 /* ShopVC.swift */; };
		AB3C15F7242F275A00EB87E2 /* UIView+Ext.swift in Sources */ = {isa = PBXBuildFile; fileRef = AB3C15F6242F275900EB87E2 /* UIView+Ext.swift */; };
		AB3C15F9242F2C0F00EB87E2 /* FSLAvatarImageView.swift in Sources */ = {isa = PBXBuildFile; fileRef = AB3C15F8242F2C0F00EB87E2 /* FSLAvatarImageView.swift */; };
		AB3C15FF242F3FD000EB87E2 /* FSLLine.swift in Sources */ = {isa = PBXBuildFile; fileRef = AB3C15FE242F3FD000EB87E2 /* FSLLine.swift */; };
		AB3C1601242F529700EB87E2 /* FirestoreManager.swift in Sources */ = {isa = PBXBuildFile; fileRef = AB3C1600242F529700EB87E2 /* FirestoreManager.swift */; };
		AB3C1603242F52BD00EB87E2 /* TuanGo.swift in Sources */ = {isa = PBXBuildFile; fileRef = AB3C1602242F52BD00EB87E2 /* TuanGo.swift */; };
		AB3C1605242F52D000EB87E2 /* AdImage.swift in Sources */ = {isa = PBXBuildFile; fileRef = AB3C1604242F52D000EB87E2 /* AdImage.swift */; };
		AB3C1607242F53DE00EB87E2 /* FLError.swift in Sources */ = {isa = PBXBuildFile; fileRef = AB3C1606242F53DE00EB87E2 /* FLError.swift */; };
		AB3C1609242F544A00EB87E2 /* UIHelper.swift in Sources */ = {isa = PBXBuildFile; fileRef = AB3C1608242F544A00EB87E2 /* UIHelper.swift */; };
		AB3C160B242F547800EB87E2 /* FLNavigationBar.swift in Sources */ = {isa = PBXBuildFile; fileRef = AB3C160A242F547800EB87E2 /* FLNavigationBar.swift */; };
		AB3C160D242F54D200EB87E2 /* FLTabBarController.swift in Sources */ = {isa = PBXBuildFile; fileRef = AB3C160C242F54D200EB87E2 /* FLTabBarController.swift */; };
		AB3C160F242F550500EB87E2 /* FLSignInHeadView.swift in Sources */ = {isa = PBXBuildFile; fileRef = AB3C160E242F550500EB87E2 /* FLSignInHeadView.swift */; };
		AB3C1616242F55C300EB87E2 /* FLRegularImageView.swift in Sources */ = {isa = PBXBuildFile; fileRef = AB3C1615242F55C300EB87E2 /* FLRegularImageView.swift */; };
		AB3C1618242F565F00EB87E2 /* FLAlertContainerView.swift in Sources */ = {isa = PBXBuildFile; fileRef = AB3C1617242F565F00EB87E2 /* FLAlertContainerView.swift */; };
		AB3C161A242F568100EB87E2 /* FLTitleLabel.swift in Sources */ = {isa = PBXBuildFile; fileRef = AB3C1619242F568100EB87E2 /* FLTitleLabel.swift */; };
		AB3C161C242F569A00EB87E2 /* FLBodyLabel.swift in Sources */ = {isa = PBXBuildFile; fileRef = AB3C161B242F569A00EB87E2 /* FLBodyLabel.swift */; };
		AB3C161E242F56B400EB87E2 /* FLSecondaryTitleLabel.swift in Sources */ = {isa = PBXBuildFile; fileRef = AB3C161D242F56B400EB87E2 /* FLSecondaryTitleLabel.swift */; };
		AB3C1620242F56D500EB87E2 /* FLStrikeThroughLabel.swift in Sources */ = {isa = PBXBuildFile; fileRef = AB3C161F242F56D500EB87E2 /* FLStrikeThroughLabel.swift */; };
		AB3C1623242F570500EB87E2 /* advertCell.swift in Sources */ = {isa = PBXBuildFile; fileRef = AB3C1622242F570500EB87E2 /* advertCell.swift */; };
		AB3C1625242F571600EB87E2 /* HomeCategoryCell.swift in Sources */ = {isa = PBXBuildFile; fileRef = AB3C1624242F571600EB87E2 /* HomeCategoryCell.swift */; };
		AB3C1627242F572300EB87E2 /* HomeTuanGoCell.swift in Sources */ = {isa = PBXBuildFile; fileRef = AB3C1626242F572300EB87E2 /* HomeTuanGoCell.swift */; };
		AB3C162B242F576C00EB87E2 /* FLTextField.swift in Sources */ = {isa = PBXBuildFile; fileRef = AB3C162A242F576C00EB87E2 /* FLTextField.swift */; };
		AB3C162D242F577F00EB87E2 /* FLButton.swift in Sources */ = {isa = PBXBuildFile; fileRef = AB3C162C242F577F00EB87E2 /* FLButton.swift */; };
		AB3C162F242F57A600EB87E2 /* SearchBarVC.swift in Sources */ = {isa = PBXBuildFile; fileRef = AB3C162E242F57A600EB87E2 /* SearchBarVC.swift */; };
		AB3C1631242F57B400EB87E2 /* FLAdvertVC.swift in Sources */ = {isa = PBXBuildFile; fileRef = AB3C1630242F57B400EB87E2 /* FLAdvertVC.swift */; };
		AB3C1633242F57C200EB87E2 /* HomeLocationVC.swift in Sources */ = {isa = PBXBuildFile; fileRef = AB3C1632242F57C200EB87E2 /* HomeLocationVC.swift */; };
		AB3C1635242F57CF00EB87E2 /* FLAlertVC.swift in Sources */ = {isa = PBXBuildFile; fileRef = AB3C1634242F57CF00EB87E2 /* FLAlertVC.swift */; };
		AB3C1637242F57EB00EB87E2 /* FLPageControl.swift in Sources */ = {isa = PBXBuildFile; fileRef = AB3C1636242F57EB00EB87E2 /* FLPageControl.swift */; };
		AB3C1639242F580400EB87E2 /* FLScrollView.swift in Sources */ = {isa = PBXBuildFile; fileRef = AB3C1638242F580400EB87E2 /* FLScrollView.swift */; };
		AB3C163B242F582600EB87E2 /* SearchVC.swift in Sources */ = {isa = PBXBuildFile; fileRef = AB3C163A242F582600EB87E2 /* SearchVC.swift */; };
		AB3C163D242F584B00EB87E2 /* WalletVC.swift in Sources */ = {isa = PBXBuildFile; fileRef = AB3C163C242F584B00EB87E2 /* WalletVC.swift */; };
		AB3C163F242F5DCC00EB87E2 /* FLIconImage.swift in Sources */ = {isa = PBXBuildFile; fileRef = AB3C163E242F5DCC00EB87E2 /* FLIconImage.swift */; };
		AB4CF7EF24113815001D02E9 /* SignInWithEmailVC.swift in Sources */ = {isa = PBXBuildFile; fileRef = AB4CF7EE24113815001D02E9 /* SignInWithEmailVC.swift */; };
		AB4CF7F324114165001D02E9 /* FSLAlertVC.swift in Sources */ = {isa = PBXBuildFile; fileRef = AB4CF7F224114165001D02E9 /* FSLAlertVC.swift */; };
		AB4CF7F62411430A001D02E9 /* UIViewController+Ext.swift in Sources */ = {isa = PBXBuildFile; fileRef = AB4CF7F52411430A001D02E9 /* UIViewController+Ext.swift */; };
		AB51174E2445A36100F3EEE4 /* FLUnderlineTextButton.swift in Sources */ = {isa = PBXBuildFile; fileRef = AB51174D2445A36100F3EEE4 /* FLUnderlineTextButton.swift */; };
		AB5117502445D4D200F3EEE4 /* FillAcccountDetailVC.swift in Sources */ = {isa = PBXBuildFile; fileRef = AB51174F2445D4D200F3EEE4 /* FillAcccountDetailVC.swift */; };
		AB5117522445DFDE00F3EEE4 /* FLPausedView.swift in Sources */ = {isa = PBXBuildFile; fileRef = AB5117512445DFDE00F3EEE4 /* FLPausedView.swift */; };
		AB76C2EF240F448400D54A4E /* HomeVC.swift in Sources */ = {isa = PBXBuildFile; fileRef = AB76C2EE240F448400D54A4E /* HomeVC.swift */; };
		AB76C2F3240F44B100D54A4E /* FavoritesVC.swift in Sources */ = {isa = PBXBuildFile; fileRef = AB76C2F2240F44B100D54A4E /* FavoritesVC.swift */; };
		AB76C2F5240F44BC00D54A4E /* AccountVC.swift in Sources */ = {isa = PBXBuildFile; fileRef = AB76C2F4240F44BC00D54A4E /* AccountVC.swift */; };
		AB76C2FB240F9E2C00D54A4E /* SignUpVC.swift in Sources */ = {isa = PBXBuildFile; fileRef = AB76C2FA240F9E2C00D54A4E /* SignUpVC.swift */; };
		ABCD3BDE2413B0B70049AC73 /* Customer.swift in Sources */ = {isa = PBXBuildFile; fileRef = ABCD3BDD2413B0B70049AC73 /* Customer.swift */; };
		ABCD3BE52413B3F30049AC73 /* Merchant.swift in Sources */ = {isa = PBXBuildFile; fileRef = ABCD3BE42413B3F30049AC73 /* Merchant.swift */; };
		ABCD3BE72413B4840049AC73 /* Shop.swift in Sources */ = {isa = PBXBuildFile; fileRef = ABCD3BE62413B4840049AC73 /* Shop.swift */; };
		ABCD3BE92413B5560049AC73 /* Event.swift in Sources */ = {isa = PBXBuildFile; fileRef = ABCD3BE82413B5560049AC73 /* Event.swift */; };
		ABCD3BEB2413B5FF0049AC73 /* Product.swift in Sources */ = {isa = PBXBuildFile; fileRef = ABCD3BEA2413B5FF0049AC73 /* Product.swift */; };
		ABCD3BED2413B6700049AC73 /* Kandan.swift in Sources */ = {isa = PBXBuildFile; fileRef = ABCD3BEC2413B6700049AC73 /* Kandan.swift */; };
		ABCD3BEF2413B6C50049AC73 /* Card.swift in Sources */ = {isa = PBXBuildFile; fileRef = ABCD3BEE2413B6C50049AC73 /* Card.swift */; };
		ABCD3BF12413B71E0049AC73 /* Review.swift in Sources */ = {isa = PBXBuildFile; fileRef = ABCD3BF02413B71E0049AC73 /* Review.swift */; };
		ABFCBDED240F405600480CA7 /* AppDelegate.swift in Sources */ = {isa = PBXBuildFile; fileRef = ABFCBDEC240F405600480CA7 /* AppDelegate.swift */; };
		ABFCBDEF240F405600480CA7 /* SceneDelegate.swift in Sources */ = {isa = PBXBuildFile; fileRef = ABFCBDEE240F405600480CA7 /* SceneDelegate.swift */; };
		ABFCBDF6240F405700480CA7 /* Assets.xcassets in Resources */ = {isa = PBXBuildFile; fileRef = ABFCBDF5240F405700480CA7 /* Assets.xcassets */; };
		ABFCBDF9240F405700480CA7 /* LaunchScreen.storyboard in Resources */ = {isa = PBXBuildFile; fileRef = ABFCBDF7240F405700480CA7 /* LaunchScreen.storyboard */; };
		ABFCBE01240F40DF00480CA7 /* GoogleService-Info.plist in Resources */ = {isa = PBXBuildFile; fileRef = ABFCBE00240F40DF00480CA7 /* GoogleService-Info.plist */; };
/* End PBXBuildFile section */

/* Begin PBXCopyFilesBuildPhase section */
		5744939A243327290093F0DE /* Embed Frameworks */ = {
			isa = PBXCopyFilesBuildPhase;
			buildActionMask = 2147483647;
			dstPath = "";
			dstSubfolderSpec = 10;
			files = (
				57449399243327290093F0DE /* Pods_MySimpleTest.framework in Embed Frameworks */,
			);
			name = "Embed Frameworks";
			runOnlyForDeploymentPostprocessing = 0;
		};
/* End PBXCopyFilesBuildPhase section */

/* Begin PBXFileReference section */
		478488C522634D1CF76B9418 /* Pods-MySimpleTest.debug.xcconfig */ = {isa = PBXFileReference; includeInIndex = 1; lastKnownFileType = text.xcconfig; name = "Pods-MySimpleTest.debug.xcconfig"; path = "Target Support Files/Pods-MySimpleTest/Pods-MySimpleTest.debug.xcconfig"; sourceTree = "<group>"; };
		57099890243C9BB400929A49 /* EventVC.swift */ = {isa = PBXFileReference; lastKnownFileType = sourcecode.swift; path = EventVC.swift; sourceTree = "<group>"; };
		57099892243C9C0300929A49 /* EventListCell.swift */ = {isa = PBXFileReference; lastKnownFileType = sourcecode.swift; path = EventListCell.swift; sourceTree = "<group>"; };
		570998B32441CCB900929A49 /* SearchCell.swift */ = {isa = PBXFileReference; fileEncoding = 4; lastKnownFileType = sourcecode.swift; path = SearchCell.swift; sourceTree = "<group>"; };
		570998B52441CCEB00929A49 /* PersistenceManager.swift */ = {isa = PBXFileReference; fileEncoding = 4; lastKnownFileType = sourcecode.swift; path = PersistenceManager.swift; sourceTree = "<group>"; };
		570998B72441D25E00929A49 /* FLDataLoadingVC.swift */ = {isa = PBXFileReference; lastKnownFileType = sourcecode.swift; path = FLDataLoadingVC.swift; sourceTree = "<group>"; };
		570998B92442F58500929A49 /* SearchResult.swift */ = {isa = PBXFileReference; lastKnownFileType = sourcecode.swift; path = SearchResult.swift; sourceTree = "<group>"; };
		570998BB24446BA300929A49 /* SearchTag.swift */ = {isa = PBXFileReference; lastKnownFileType = sourcecode.swift; path = SearchTag.swift; sourceTree = "<group>"; };
		570998C1244561E400929A49 /* FLEmptyStateView.swift */ = {isa = PBXFileReference; lastKnownFileType = sourcecode.swift; path = FLEmptyStateView.swift; sourceTree = "<group>"; };
		570998C32445841600929A49 /* FLAddToCartSuccessVC.swift */ = {isa = PBXFileReference; lastKnownFileType = sourcecode.swift; path = FLAddToCartSuccessVC.swift; sourceTree = "<group>"; };
		5721C1FA24317B2700358042 /* ShopFilterCell.swift */ = {isa = PBXFileReference; lastKnownFileType = sourcecode.swift; path = ShopFilterCell.swift; sourceTree = "<group>"; };
		5721C1FC24317B7300358042 /* ShopHeaderSV.swift */ = {isa = PBXFileReference; lastKnownFileType = sourcecode.swift; path = ShopHeaderSV.swift; sourceTree = "<group>"; };
		5721C1FE24317B9700358042 /* ShopListCell.swift */ = {isa = PBXFileReference; lastKnownFileType = sourcecode.swift; path = ShopListCell.swift; sourceTree = "<group>"; };
		5721C2082431BAAD00358042 /* ShopFilterView.swift */ = {isa = PBXFileReference; lastKnownFileType = sourcecode.swift; path = ShopFilterView.swift; sourceTree = "<group>"; };
		57449392243321610093F0DE /* ShopInfoVC.swift */ = {isa = PBXFileReference; lastKnownFileType = sourcecode.swift; path = ShopInfoVC.swift; sourceTree = "<group>"; };
		574493962433218A0093F0DE /* ShopInfo.swift */ = {isa = PBXFileReference; lastKnownFileType = sourcecode.swift; path = ShopInfo.swift; sourceTree = "<group>"; };
		5744939C243960F20093F0DE /* ShopCell.swift */ = {isa = PBXFileReference; lastKnownFileType = sourcecode.swift; path = ShopCell.swift; sourceTree = "<group>"; };
		5744939E243961110093F0DE /* EventCell.swift */ = {isa = PBXFileReference; lastKnownFileType = sourcecode.swift; path = EventCell.swift; sourceTree = "<group>"; };
		574493A0243961330093F0DE /* ProductCell.swift */ = {isa = PBXFileReference; lastKnownFileType = sourcecode.swift; path = ProductCell.swift; sourceTree = "<group>"; };
		574493A2243961480093F0DE /* ReviewCell.swift */ = {isa = PBXFileReference; lastKnownFileType = sourcecode.swift; path = ReviewCell.swift; sourceTree = "<group>"; };
		574493A4243961610093F0DE /* RecommendationCell.swift */ = {isa = PBXFileReference; lastKnownFileType = sourcecode.swift; path = RecommendationCell.swift; sourceTree = "<group>"; };
		574493AC2439A3CC0093F0DE /* ReviewImageCell.swift */ = {isa = PBXFileReference; lastKnownFileType = sourcecode.swift; path = ReviewImageCell.swift; sourceTree = "<group>"; };
		574493AE243A0E860093F0DE /* Date+Ext.swift */ = {isa = PBXFileReference; lastKnownFileType = sourcecode.swift; path = "Date+Ext.swift"; sourceTree = "<group>"; };
		574493B0243C57BE0093F0DE /* ProductVC.swift */ = {isa = PBXFileReference; lastKnownFileType = sourcecode.swift; path = ProductVC.swift; sourceTree = "<group>"; };
		574493B4243C5BAA0093F0DE /* ProductListCell.swift */ = {isa = PBXFileReference; lastKnownFileType = sourcecode.swift; path = ProductListCell.swift; sourceTree = "<group>"; };
		574493B6243C60E40093F0DE /* FLHeaderSV.swift */ = {isa = PBXFileReference; lastKnownFileType = sourcecode.swift; path = FLHeaderSV.swift; sourceTree = "<group>"; };
		AB2B4659241F36B6006EFE10 /* Constants.swift */ = {isa = PBXFileReference; lastKnownFileType = sourcecode.swift; path = Constants.swift; sourceTree = "<group>"; };
		AB2B466A241F3C74006EFE10 /* FSLHeadView.swift */ = {isa = PBXFileReference; lastKnownFileType = sourcecode.swift; path = FSLHeadView.swift; sourceTree = "<group>"; };
		AB2B466C241F47BA006EFE10 /* SignInVC.swift */ = {isa = PBXFileReference; lastKnownFileType = sourcecode.swift; path = SignInVC.swift; sourceTree = "<group>"; };
		AB2B46702420A59D006EFE10 /* String+Ext.swift */ = {isa = PBXFileReference; lastKnownFileType = sourcecode.swift; path = "String+Ext.swift"; sourceTree = "<group>"; };
		AB2B46742420B9B6006EFE10 /* FSLItemInfoView.swift */ = {isa = PBXFileReference; lastKnownFileType = sourcecode.swift; path = FSLItemInfoView.swift; sourceTree = "<group>"; };
		AB2B46782420C241006EFE10 /* FSLAccountDetailVC.swift */ = {isa = PBXFileReference; lastKnownFileType = sourcecode.swift; path = FSLAccountDetailVC.swift; sourceTree = "<group>"; };
		AB3C15ED242F206800EB87E2 /* ShopVC.swift */ = {isa = PBXFileReference; lastKnownFileType = sourcecode.swift; path = ShopVC.swift; sourceTree = "<group>"; };
		AB3C15F6242F275900EB87E2 /* UIView+Ext.swift */ = {isa = PBXFileReference; lastKnownFileType = sourcecode.swift; path = "UIView+Ext.swift"; sourceTree = "<group>"; };
		AB3C15F8242F2C0F00EB87E2 /* FSLAvatarImageView.swift */ = {isa = PBXFileReference; lastKnownFileType = sourcecode.swift; path = FSLAvatarImageView.swift; sourceTree = "<group>"; };
		AB3C15FE242F3FD000EB87E2 /* FSLLine.swift */ = {isa = PBXFileReference; lastKnownFileType = sourcecode.swift; path = FSLLine.swift; sourceTree = "<group>"; };
		AB3C1600242F529700EB87E2 /* FirestoreManager.swift */ = {isa = PBXFileReference; lastKnownFileType = sourcecode.swift; path = FirestoreManager.swift; sourceTree = "<group>"; };
		AB3C1602242F52BD00EB87E2 /* TuanGo.swift */ = {isa = PBXFileReference; lastKnownFileType = sourcecode.swift; path = TuanGo.swift; sourceTree = "<group>"; };
		AB3C1604242F52D000EB87E2 /* AdImage.swift */ = {isa = PBXFileReference; lastKnownFileType = sourcecode.swift; path = AdImage.swift; sourceTree = "<group>"; };
		AB3C1606242F53DE00EB87E2 /* FLError.swift */ = {isa = PBXFileReference; lastKnownFileType = sourcecode.swift; path = FLError.swift; sourceTree = "<group>"; };
		AB3C1608242F544A00EB87E2 /* UIHelper.swift */ = {isa = PBXFileReference; lastKnownFileType = sourcecode.swift; path = UIHelper.swift; sourceTree = "<group>"; };
		AB3C160A242F547800EB87E2 /* FLNavigationBar.swift */ = {isa = PBXFileReference; lastKnownFileType = sourcecode.swift; path = FLNavigationBar.swift; sourceTree = "<group>"; };
		AB3C160C242F54D200EB87E2 /* FLTabBarController.swift */ = {isa = PBXFileReference; lastKnownFileType = sourcecode.swift; path = FLTabBarController.swift; sourceTree = "<group>"; };
		AB3C160E242F550500EB87E2 /* FLSignInHeadView.swift */ = {isa = PBXFileReference; lastKnownFileType = sourcecode.swift; path = FLSignInHeadView.swift; sourceTree = "<group>"; };
		AB3C1615242F55C300EB87E2 /* FLRegularImageView.swift */ = {isa = PBXFileReference; lastKnownFileType = sourcecode.swift; path = FLRegularImageView.swift; sourceTree = "<group>"; };
		AB3C1617242F565F00EB87E2 /* FLAlertContainerView.swift */ = {isa = PBXFileReference; lastKnownFileType = sourcecode.swift; path = FLAlertContainerView.swift; sourceTree = "<group>"; };
		AB3C1619242F568100EB87E2 /* FLTitleLabel.swift */ = {isa = PBXFileReference; lastKnownFileType = sourcecode.swift; path = FLTitleLabel.swift; sourceTree = "<group>"; };
		AB3C161B242F569A00EB87E2 /* FLBodyLabel.swift */ = {isa = PBXFileReference; lastKnownFileType = sourcecode.swift; path = FLBodyLabel.swift; sourceTree = "<group>"; };
		AB3C161D242F56B400EB87E2 /* FLSecondaryTitleLabel.swift */ = {isa = PBXFileReference; lastKnownFileType = sourcecode.swift; path = FLSecondaryTitleLabel.swift; sourceTree = "<group>"; };
		AB3C161F242F56D500EB87E2 /* FLStrikeThroughLabel.swift */ = {isa = PBXFileReference; lastKnownFileType = sourcecode.swift; path = FLStrikeThroughLabel.swift; sourceTree = "<group>"; };
		AB3C1622242F570500EB87E2 /* advertCell.swift */ = {isa = PBXFileReference; lastKnownFileType = sourcecode.swift; path = advertCell.swift; sourceTree = "<group>"; };
		AB3C1624242F571600EB87E2 /* HomeCategoryCell.swift */ = {isa = PBXFileReference; lastKnownFileType = sourcecode.swift; path = HomeCategoryCell.swift; sourceTree = "<group>"; };
		AB3C1626242F572300EB87E2 /* HomeTuanGoCell.swift */ = {isa = PBXFileReference; lastKnownFileType = sourcecode.swift; path = HomeTuanGoCell.swift; sourceTree = "<group>"; };
		AB3C162A242F576C00EB87E2 /* FLTextField.swift */ = {isa = PBXFileReference; lastKnownFileType = sourcecode.swift; path = FLTextField.swift; sourceTree = "<group>"; };
		AB3C162C242F577F00EB87E2 /* FLButton.swift */ = {isa = PBXFileReference; lastKnownFileType = sourcecode.swift; path = FLButton.swift; sourceTree = "<group>"; };
		AB3C162E242F57A600EB87E2 /* SearchBarVC.swift */ = {isa = PBXFileReference; lastKnownFileType = sourcecode.swift; path = SearchBarVC.swift; sourceTree = "<group>"; };
		AB3C1630242F57B400EB87E2 /* FLAdvertVC.swift */ = {isa = PBXFileReference; lastKnownFileType = sourcecode.swift; path = FLAdvertVC.swift; sourceTree = "<group>"; };
		AB3C1632242F57C200EB87E2 /* HomeLocationVC.swift */ = {isa = PBXFileReference; lastKnownFileType = sourcecode.swift; path = HomeLocationVC.swift; sourceTree = "<group>"; };
		AB3C1634242F57CF00EB87E2 /* FLAlertVC.swift */ = {isa = PBXFileReference; lastKnownFileType = sourcecode.swift; path = FLAlertVC.swift; sourceTree = "<group>"; };
		AB3C1636242F57EB00EB87E2 /* FLPageControl.swift */ = {isa = PBXFileReference; lastKnownFileType = sourcecode.swift; name = FLPageControl.swift; path = TabBarControllers/FLPageControl.swift; sourceTree = "<group>"; };
		AB3C1638242F580400EB87E2 /* FLScrollView.swift */ = {isa = PBXFileReference; lastKnownFileType = sourcecode.swift; path = FLScrollView.swift; sourceTree = "<group>"; };
		AB3C163A242F582600EB87E2 /* SearchVC.swift */ = {isa = PBXFileReference; lastKnownFileType = sourcecode.swift; path = SearchVC.swift; sourceTree = "<group>"; };
		AB3C163C242F584B00EB87E2 /* WalletVC.swift */ = {isa = PBXFileReference; lastKnownFileType = sourcecode.swift; path = WalletVC.swift; sourceTree = "<group>"; };
		AB3C163E242F5DCC00EB87E2 /* FLIconImage.swift */ = {isa = PBXFileReference; lastKnownFileType = sourcecode.swift; path = FLIconImage.swift; sourceTree = "<group>"; };
		AB4CF7EE24113815001D02E9 /* SignInWithEmailVC.swift */ = {isa = PBXFileReference; lastKnownFileType = sourcecode.swift; path = SignInWithEmailVC.swift; sourceTree = "<group>"; };
		AB4CF7F224114165001D02E9 /* FSLAlertVC.swift */ = {isa = PBXFileReference; lastKnownFileType = sourcecode.swift; path = FSLAlertVC.swift; sourceTree = "<group>"; };
		AB4CF7F52411430A001D02E9 /* UIViewController+Ext.swift */ = {isa = PBXFileReference; lastKnownFileType = sourcecode.swift; path = "UIViewController+Ext.swift"; sourceTree = "<group>"; };
		AB51174D2445A36100F3EEE4 /* FLUnderlineTextButton.swift */ = {isa = PBXFileReference; lastKnownFileType = sourcecode.swift; path = FLUnderlineTextButton.swift; sourceTree = "<group>"; };
		AB51174F2445D4D200F3EEE4 /* FillAcccountDetailVC.swift */ = {isa = PBXFileReference; lastKnownFileType = sourcecode.swift; path = FillAcccountDetailVC.swift; sourceTree = "<group>"; };
		AB5117512445DFDE00F3EEE4 /* FLPausedView.swift */ = {isa = PBXFileReference; lastKnownFileType = sourcecode.swift; path = FLPausedView.swift; sourceTree = "<group>"; };
		AB76C2EE240F448400D54A4E /* HomeVC.swift */ = {isa = PBXFileReference; lastKnownFileType = sourcecode.swift; path = HomeVC.swift; sourceTree = "<group>"; };
		AB76C2F2240F44B100D54A4E /* FavoritesVC.swift */ = {isa = PBXFileReference; lastKnownFileType = sourcecode.swift; path = FavoritesVC.swift; sourceTree = "<group>"; };
		AB76C2F4240F44BC00D54A4E /* AccountVC.swift */ = {isa = PBXFileReference; lastKnownFileType = sourcecode.swift; path = AccountVC.swift; sourceTree = "<group>"; };
		AB76C2FA240F9E2C00D54A4E /* SignUpVC.swift */ = {isa = PBXFileReference; lastKnownFileType = sourcecode.swift; path = SignUpVC.swift; sourceTree = "<group>"; };
		ABCD3BDD2413B0B70049AC73 /* Customer.swift */ = {isa = PBXFileReference; lastKnownFileType = sourcecode.swift; path = Customer.swift; sourceTree = "<group>"; };
		ABCD3BE42413B3F30049AC73 /* Merchant.swift */ = {isa = PBXFileReference; lastKnownFileType = sourcecode.swift; path = Merchant.swift; sourceTree = "<group>"; };
		ABCD3BE62413B4840049AC73 /* Shop.swift */ = {isa = PBXFileReference; lastKnownFileType = sourcecode.swift; path = Shop.swift; sourceTree = "<group>"; };
		ABCD3BE82413B5560049AC73 /* Event.swift */ = {isa = PBXFileReference; lastKnownFileType = sourcecode.swift; path = Event.swift; sourceTree = "<group>"; };
		ABCD3BEA2413B5FF0049AC73 /* Product.swift */ = {isa = PBXFileReference; lastKnownFileType = sourcecode.swift; path = Product.swift; sourceTree = "<group>"; };
		ABCD3BEC2413B6700049AC73 /* Kandan.swift */ = {isa = PBXFileReference; lastKnownFileType = sourcecode.swift; path = Kandan.swift; sourceTree = "<group>"; };
		ABCD3BEE2413B6C50049AC73 /* Card.swift */ = {isa = PBXFileReference; lastKnownFileType = sourcecode.swift; path = Card.swift; sourceTree = "<group>"; };
		ABCD3BF02413B71E0049AC73 /* Review.swift */ = {isa = PBXFileReference; lastKnownFileType = sourcecode.swift; path = Review.swift; sourceTree = "<group>"; };
		ABFCBDE9240F405600480CA7 /* MySimpleTest.app */ = {isa = PBXFileReference; explicitFileType = wrapper.application; includeInIndex = 0; path = MySimpleTest.app; sourceTree = BUILT_PRODUCTS_DIR; };
		ABFCBDEC240F405600480CA7 /* AppDelegate.swift */ = {isa = PBXFileReference; lastKnownFileType = sourcecode.swift; path = AppDelegate.swift; sourceTree = "<group>"; };
		ABFCBDEE240F405600480CA7 /* SceneDelegate.swift */ = {isa = PBXFileReference; lastKnownFileType = sourcecode.swift; path = SceneDelegate.swift; sourceTree = "<group>"; };
		ABFCBDF5240F405700480CA7 /* Assets.xcassets */ = {isa = PBXFileReference; lastKnownFileType = folder.assetcatalog; path = Assets.xcassets; sourceTree = "<group>"; };
		ABFCBDF8240F405700480CA7 /* Base */ = {isa = PBXFileReference; lastKnownFileType = file.storyboard; name = Base; path = Base.lproj/LaunchScreen.storyboard; sourceTree = "<group>"; };
		ABFCBDFA240F405700480CA7 /* Info.plist */ = {isa = PBXFileReference; lastKnownFileType = text.plist.xml; path = Info.plist; sourceTree = "<group>"; };
		ABFCBE00240F40DF00480CA7 /* GoogleService-Info.plist */ = {isa = PBXFileReference; fileEncoding = 4; lastKnownFileType = text.plist.xml; path = "GoogleService-Info.plist"; sourceTree = "<group>"; };
		F2BC2BA154496F0D7B9EE440 /* Pods_MySimpleTest.framework */ = {isa = PBXFileReference; explicitFileType = wrapper.framework; includeInIndex = 0; path = Pods_MySimpleTest.framework; sourceTree = BUILT_PRODUCTS_DIR; };
		FEE704E0FC9915B3059DC2F7 /* Pods-MySimpleTest.release.xcconfig */ = {isa = PBXFileReference; includeInIndex = 1; lastKnownFileType = text.xcconfig; name = "Pods-MySimpleTest.release.xcconfig"; path = "Target Support Files/Pods-MySimpleTest/Pods-MySimpleTest.release.xcconfig"; sourceTree = "<group>"; };
/* End PBXFileReference section */

/* Begin PBXFrameworksBuildPhase section */
		ABFCBDE6240F405600480CA7 /* Frameworks */ = {
			isa = PBXFrameworksBuildPhase;
			buildActionMask = 2147483647;
			files = (
				57449398243327290093F0DE /* Pods_MySimpleTest.framework in Frameworks */,
			);
			runOnlyForDeploymentPostprocessing = 0;
		};
/* End PBXFrameworksBuildPhase section */

/* Begin PBXGroup section */
		570998B22441CCB900929A49 /* Search */ = {
			isa = PBXGroup;
			children = (
				570998B32441CCB900929A49 /* SearchCell.swift */,
			);
			path = Search;
			sourceTree = "<group>";
		};
		5721C1F62431793300358042 /* Shop */ = {
			isa = PBXGroup;
			children = (
				5721C1FA24317B2700358042 /* ShopFilterCell.swift */,
				5721C1FC24317B7300358042 /* ShopHeaderSV.swift */,
				5721C1FE24317B9700358042 /* ShopListCell.swift */,
			);
			path = Shop;
			sourceTree = "<group>";
		};
		5721C1F72431793B00358042 /* Home */ = {
			isa = PBXGroup;
			children = (
				AB3C1622242F570500EB87E2 /* advertCell.swift */,
				AB3C1624242F571600EB87E2 /* HomeCategoryCell.swift */,
				AB3C1626242F572300EB87E2 /* HomeTuanGoCell.swift */,
			);
			path = Home;
			sourceTree = "<group>";
		};
		5744939B2439609E0093F0DE /* ShopInfo */ = {
			isa = PBXGroup;
			children = (
				57099892243C9C0300929A49 /* EventListCell.swift */,
				5744939C243960F20093F0DE /* ShopCell.swift */,
				5744939E243961110093F0DE /* EventCell.swift */,
				574493A0243961330093F0DE /* ProductCell.swift */,
				574493A2243961480093F0DE /* ReviewCell.swift */,
				574493A4243961610093F0DE /* RecommendationCell.swift */,
				574493AC2439A3CC0093F0DE /* ReviewImageCell.swift */,
				574493B4243C5BAA0093F0DE /* ProductListCell.swift */,
			);
			path = ShopInfo;
			sourceTree = "<group>";
		};
		632999539234A714D61FE82D /* Pods */ = {
			isa = PBXGroup;
			children = (
				478488C522634D1CF76B9418 /* Pods-MySimpleTest.debug.xcconfig */,
				FEE704E0FC9915B3059DC2F7 /* Pods-MySimpleTest.release.xcconfig */,
			);
			path = Pods;
			sourceTree = "<group>";
		};
		7620B4F86EF1431139E48947 /* Frameworks */ = {
			isa = PBXGroup;
			children = (
				F2BC2BA154496F0D7B9EE440 /* Pods_MySimpleTest.framework */,
			);
			name = Frameworks;
			sourceTree = "<group>";
		};
		AB2B465B241F3A4F006EFE10 /* Labels */ = {
			isa = PBXGroup;
			children = (
				AB3C1619242F568100EB87E2 /* FLTitleLabel.swift */,
				AB3C161B242F569A00EB87E2 /* FLBodyLabel.swift */,
				AB3C161D242F56B400EB87E2 /* FLSecondaryTitleLabel.swift */,
				AB3C161F242F56D500EB87E2 /* FLStrikeThroughLabel.swift */,
			);
			path = Labels;
			sourceTree = "<group>";
		};
		AB2B465C241F3A55006EFE10 /* Image Views */ = {
			isa = PBXGroup;
			children = (
				AB3C15F8242F2C0F00EB87E2 /* FSLAvatarImageView.swift */,
				AB3C15FE242F3FD000EB87E2 /* FSLLine.swift */,
				AB3C1615242F55C300EB87E2 /* FLRegularImageView.swift */,
				AB3C163E242F5DCC00EB87E2 /* FLIconImage.swift */,
			);
			path = "Image Views";
			sourceTree = "<group>";
		};
		AB2B465D241F3A5C006EFE10 /* View Controllers */ = {
			isa = PBXGroup;
			children = (
				AB3C162E242F57A600EB87E2 /* SearchBarVC.swift */,
				AB3C1630242F57B400EB87E2 /* FLAdvertVC.swift */,
				AB3C1632242F57C200EB87E2 /* HomeLocationVC.swift */,
				AB3C1634242F57CF00EB87E2 /* FLAlertVC.swift */,
				570998B72441D25E00929A49 /* FLDataLoadingVC.swift */,
				570998C32445841600929A49 /* FLAddToCartSuccessVC.swift */,
			);
			path = "View Controllers";
			sourceTree = "<group>";
		};
		AB2B465E241F3A6A006EFE10 /* Buttons */ = {
			isa = PBXGroup;
			children = (
				AB3C162C242F577F00EB87E2 /* FLButton.swift */,
				AB51174D2445A36100F3EEE4 /* FLUnderlineTextButton.swift */,
			);
			path = Buttons;
			sourceTree = "<group>";
		};
		AB2B465F241F3A70006EFE10 /* Text Fields */ = {
			isa = PBXGroup;
			children = (
				AB3C162A242F576C00EB87E2 /* FLTextField.swift */,
			);
			path = "Text Fields";
			sourceTree = "<group>";
		};
		AB2B4661241F3A84006EFE10 /* Views */ = {
			isa = PBXGroup;
			children = (
				AB3C15EF242F22B100EB87E2 /* SignIn */,
				AB2B466A241F3C74006EFE10 /* FSLHeadView.swift */,
				AB2B46742420B9B6006EFE10 /* FSLItemInfoView.swift */,
				AB3C1617242F565F00EB87E2 /* FLAlertContainerView.swift */,
				5721C2082431BAAD00358042 /* ShopFilterView.swift */,
				570998C1244561E400929A49 /* FLEmptyStateView.swift */,
				AB5117512445DFDE00F3EEE4 /* FLPausedView.swift */,
			);
			path = Views;
			sourceTree = "<group>";
		};
		AB3C15EA242F1FE300EB87E2 /* TabBarControllers */ = {
			isa = PBXGroup;
			children = (
				AB3C160C242F54D200EB87E2 /* FLTabBarController.swift */,
			);
			path = TabBarControllers;
			sourceTree = "<group>";
		};
		AB3C15EF242F22B100EB87E2 /* SignIn */ = {
			isa = PBXGroup;
			children = (
				AB3C160E242F550500EB87E2 /* FLSignInHeadView.swift */,
			);
			path = SignIn;
			sourceTree = "<group>";
		};
		AB3C1621242F56E800EB87E2 /* Cells and Supplementary Views */ = {
			isa = PBXGroup;
			children = (
				570998B22441CCB900929A49 /* Search */,
				5744939B2439609E0093F0DE /* ShopInfo */,
				5721C1F72431793B00358042 /* Home */,
				5721C1F62431793300358042 /* Shop */,
				574493B6243C60E40093F0DE /* FLHeaderSV.swift */,
			);
			path = "Cells and Supplementary Views";
			sourceTree = "<group>";
		};
		AB4CF7F4241142E4001D02E9 /* Extensions */ = {
			isa = PBXGroup;
			children = (
				AB4CF7F52411430A001D02E9 /* UIViewController+Ext.swift */,
				AB2B46702420A59D006EFE10 /* String+Ext.swift */,
				AB3C15F6242F275900EB87E2 /* UIView+Ext.swift */,
				574493AE243A0E860093F0DE /* Date+Ext.swift */,
			);
			path = Extensions;
			sourceTree = "<group>";
		};
		AB76C2E9240F436A00D54A4E /* Utilities */ = {
			isa = PBXGroup;
			children = (
				AB2B4659241F36B6006EFE10 /* Constants.swift */,
				AB3C1606242F53DE00EB87E2 /* FLError.swift */,
				AB3C1608242F544A00EB87E2 /* UIHelper.swift */,
				AB3C160A242F547800EB87E2 /* FLNavigationBar.swift */,
			);
			path = Utilities;
			sourceTree = "<group>";
		};
		AB76C2EA240F438A00D54A4E /* Models */ = {
			isa = PBXGroup;
			children = (
				ABCD3BDD2413B0B70049AC73 /* Customer.swift */,
				ABCD3BE42413B3F30049AC73 /* Merchant.swift */,
				ABCD3BE62413B4840049AC73 /* Shop.swift */,
				ABCD3BE82413B5560049AC73 /* Event.swift */,
				ABCD3BEA2413B5FF0049AC73 /* Product.swift */,
				ABCD3BEC2413B6700049AC73 /* Kandan.swift */,
				ABCD3BEE2413B6C50049AC73 /* Card.swift */,
				ABCD3BF02413B71E0049AC73 /* Review.swift */,
				AB3C1602242F52BD00EB87E2 /* TuanGo.swift */,
				AB3C1604242F52D000EB87E2 /* AdImage.swift */,
				574493962433218A0093F0DE /* ShopInfo.swift */,
				570998B92442F58500929A49 /* SearchResult.swift */,
				570998BB24446BA300929A49 /* SearchTag.swift */,
			);
			path = Models;
			sourceTree = "<group>";
		};
		AB76C2EB240F439000D54A4E /* Supports */ = {
			isa = PBXGroup;
			children = (
				ABFCBDEC240F405600480CA7 /* AppDelegate.swift */,
				ABFCBDEE240F405600480CA7 /* SceneDelegate.swift */,
				ABFCBDF5240F405700480CA7 /* Assets.xcassets */,
				ABFCBDF7240F405700480CA7 /* LaunchScreen.storyboard */,
			);
			path = Supports;
			sourceTree = "<group>";
		};
		AB76C2EC240F439800D54A4E /* Screens */ = {
			isa = PBXGroup;
			children = (
				AB76C2EE240F448400D54A4E /* HomeVC.swift */,
				AB76C2F2240F44B100D54A4E /* FavoritesVC.swift */,
				AB76C2F4240F44BC00D54A4E /* AccountVC.swift */,
				AB2B466C241F47BA006EFE10 /* SignInVC.swift */,
				AB76C2FA240F9E2C00D54A4E /* SignUpVC.swift */,
				AB4CF7EE24113815001D02E9 /* SignInWithEmailVC.swift */,
				AB4CF7F224114165001D02E9 /* FSLAlertVC.swift */,
				AB2B46782420C241006EFE10 /* FSLAccountDetailVC.swift */,
				AB3C15ED242F206800EB87E2 /* ShopVC.swift */,
				AB3C163A242F582600EB87E2 /* SearchVC.swift */,
				AB3C163C242F584B00EB87E2 /* WalletVC.swift */,
				57449392243321610093F0DE /* ShopInfoVC.swift */,
				574493B0243C57BE0093F0DE /* ProductVC.swift */,
				57099890243C9BB400929A49 /* EventVC.swift */,
				AB51174F2445D4D200F3EEE4 /* FillAcccountDetailVC.swift */,
			);
			path = Screens;
			sourceTree = "<group>";
		};
		AB76C2ED240F43A500D54A4E /* Custom Views */ = {
			isa = PBXGroup;
			children = (
				AB3C1636242F57EB00EB87E2 /* FLPageControl.swift */,
				AB3C1621242F56E800EB87E2 /* Cells and Supplementary Views */,
				AB3C15EA242F1FE300EB87E2 /* TabBarControllers */,
				AB2B4661241F3A84006EFE10 /* Views */,
				AB2B465F241F3A70006EFE10 /* Text Fields */,
				AB2B465E241F3A6A006EFE10 /* Buttons */,
				AB2B465D241F3A5C006EFE10 /* View Controllers */,
				AB2B465C241F3A55006EFE10 /* Image Views */,
				AB2B465B241F3A4F006EFE10 /* Labels */,
				AB3C1638242F580400EB87E2 /* FLScrollView.swift */,
			);
			path = "Custom Views";
			sourceTree = "<group>";
		};
		ABCD3BDF2413B2A50049AC73 /* Managers */ = {
			isa = PBXGroup;
			children = (
				AB3C1600242F529700EB87E2 /* FirestoreManager.swift */,
				570998B52441CCEB00929A49 /* PersistenceManager.swift */,
			);
			path = Managers;
			sourceTree = "<group>";
		};
		ABFCBDE0240F405600480CA7 = {
			isa = PBXGroup;
			children = (
				ABFCBDEB240F405600480CA7 /* MySimpleTest */,
				ABFCBDEA240F405600480CA7 /* Products */,
				632999539234A714D61FE82D /* Pods */,
				7620B4F86EF1431139E48947 /* Frameworks */,
			);
			sourceTree = "<group>";
		};
		ABFCBDEA240F405600480CA7 /* Products */ = {
			isa = PBXGroup;
			children = (
				ABFCBDE9240F405600480CA7 /* MySimpleTest.app */,
			);
			name = Products;
			sourceTree = "<group>";
		};
		ABFCBDEB240F405600480CA7 /* MySimpleTest */ = {
			isa = PBXGroup;
			children = (
				AB76C2E9240F436A00D54A4E /* Utilities */,
				ABCD3BDF2413B2A50049AC73 /* Managers */,
				AB76C2EC240F439800D54A4E /* Screens */,
				AB76C2EA240F438A00D54A4E /* Models */,
				AB4CF7F4241142E4001D02E9 /* Extensions */,
				AB76C2ED240F43A500D54A4E /* Custom Views */,
				AB76C2EB240F439000D54A4E /* Supports */,
				ABFCBDFA240F405700480CA7 /* Info.plist */,
				ABFCBE00240F40DF00480CA7 /* GoogleService-Info.plist */,
			);
			path = MySimpleTest;
			sourceTree = "<group>";
		};
/* End PBXGroup section */

/* Begin PBXNativeTarget section */
		ABFCBDE8240F405600480CA7 /* MySimpleTest */ = {
			isa = PBXNativeTarget;
			buildConfigurationList = ABFCBDFD240F405700480CA7 /* Build configuration list for PBXNativeTarget "MySimpleTest" */;
			buildPhases = (
				F215C5782DC1CFE7DE8DD0C5 /* [CP] Check Pods Manifest.lock */,
				ABFCBDE5240F405600480CA7 /* Sources */,
				ABFCBDE6240F405600480CA7 /* Frameworks */,
				ABFCBDE7240F405600480CA7 /* Resources */,
				6B5EBD9543AF7248C88954C9 /* [CP] Embed Pods Frameworks */,
				4E25BC51B28E1B9100ADB70C /* [CP] Copy Pods Resources */,
				5744939A243327290093F0DE /* Embed Frameworks */,
			);
			buildRules = (
			);
			dependencies = (
			);
			name = MySimpleTest;
			productName = MySimpleTest;
			productReference = ABFCBDE9240F405600480CA7 /* MySimpleTest.app */;
			productType = "com.apple.product-type.application";
		};
/* End PBXNativeTarget section */

/* Begin PBXProject section */
		ABFCBDE1240F405600480CA7 /* Project object */ = {
			isa = PBXProject;
			attributes = {
				LastSwiftUpdateCheck = 1130;
				LastUpgradeCheck = 1130;
				ORGANIZATIONNAME = FancyLife;
				TargetAttributes = {
					ABFCBDE8240F405600480CA7 = {
						CreatedOnToolsVersion = 11.3.1;
					};
				};
			};
			buildConfigurationList = ABFCBDE4240F405600480CA7 /* Build configuration list for PBXProject "MySimpleTest" */;
			compatibilityVersion = "Xcode 9.3";
			developmentRegion = en;
			hasScannedForEncodings = 0;
			knownRegions = (
				en,
				Base,
			);
			mainGroup = ABFCBDE0240F405600480CA7;
			productRefGroup = ABFCBDEA240F405600480CA7 /* Products */;
			projectDirPath = "";
			projectRoot = "";
			targets = (
				ABFCBDE8240F405600480CA7 /* MySimpleTest */,
			);
		};
/* End PBXProject section */

/* Begin PBXResourcesBuildPhase section */
		ABFCBDE7240F405600480CA7 /* Resources */ = {
			isa = PBXResourcesBuildPhase;
			buildActionMask = 2147483647;
			files = (
				ABFCBDF9240F405700480CA7 /* LaunchScreen.storyboard in Resources */,
				ABFCBE01240F40DF00480CA7 /* GoogleService-Info.plist in Resources */,
				ABFCBDF6240F405700480CA7 /* Assets.xcassets in Resources */,
			);
			runOnlyForDeploymentPostprocessing = 0;
		};
/* End PBXResourcesBuildPhase section */

/* Begin PBXShellScriptBuildPhase section */
		4E25BC51B28E1B9100ADB70C /* [CP] Copy Pods Resources */ = {
			isa = PBXShellScriptBuildPhase;
			buildActionMask = 2147483647;
			files = (
			);
			inputFileListPaths = (
				"${PODS_ROOT}/Target Support Files/Pods-MySimpleTest/Pods-MySimpleTest-resources-${CONFIGURATION}-input-files.xcfilelist",
			);
			name = "[CP] Copy Pods Resources";
			outputFileListPaths = (
				"${PODS_ROOT}/Target Support Files/Pods-MySimpleTest/Pods-MySimpleTest-resources-${CONFIGURATION}-output-files.xcfilelist",
			);
			runOnlyForDeploymentPostprocessing = 0;
			shellPath = /bin/sh;
			shellScript = "\"${PODS_ROOT}/Target Support Files/Pods-MySimpleTest/Pods-MySimpleTest-resources.sh\"\n";
			showEnvVarsInLog = 0;
		};
		6B5EBD9543AF7248C88954C9 /* [CP] Embed Pods Frameworks */ = {
			isa = PBXShellScriptBuildPhase;
			buildActionMask = 2147483647;
			files = (
			);
			inputFileListPaths = (
				"${PODS_ROOT}/Target Support Files/Pods-MySimpleTest/Pods-MySimpleTest-frameworks-${CONFIGURATION}-input-files.xcfilelist",
			);
			name = "[CP] Embed Pods Frameworks";
			outputFileListPaths = (
				"${PODS_ROOT}/Target Support Files/Pods-MySimpleTest/Pods-MySimpleTest-frameworks-${CONFIGURATION}-output-files.xcfilelist",
			);
			runOnlyForDeploymentPostprocessing = 0;
			shellPath = /bin/sh;
			shellScript = "\"${PODS_ROOT}/Target Support Files/Pods-MySimpleTest/Pods-MySimpleTest-frameworks.sh\"\n";
			showEnvVarsInLog = 0;
		};
		F215C5782DC1CFE7DE8DD0C5 /* [CP] Check Pods Manifest.lock */ = {
			isa = PBXShellScriptBuildPhase;
			buildActionMask = 2147483647;
			files = (
			);
			inputFileListPaths = (
			);
			inputPaths = (
				"${PODS_PODFILE_DIR_PATH}/Podfile.lock",
				"${PODS_ROOT}/Manifest.lock",
			);
			name = "[CP] Check Pods Manifest.lock";
			outputFileListPaths = (
			);
			outputPaths = (
				"$(DERIVED_FILE_DIR)/Pods-MySimpleTest-checkManifestLockResult.txt",
			);
			runOnlyForDeploymentPostprocessing = 0;
			shellPath = /bin/sh;
			shellScript = "diff \"${PODS_PODFILE_DIR_PATH}/Podfile.lock\" \"${PODS_ROOT}/Manifest.lock\" > /dev/null\nif [ $? != 0 ] ; then\n    # print error to STDERR\n    echo \"error: The sandbox is not in sync with the Podfile.lock. Run 'pod install' or update your CocoaPods installation.\" >&2\n    exit 1\nfi\n# This output is used by Xcode 'outputs' to avoid re-running this script phase.\necho \"SUCCESS\" > \"${SCRIPT_OUTPUT_FILE_0}\"\n";
			showEnvVarsInLog = 0;
		};
/* End PBXShellScriptBuildPhase section */

/* Begin PBXSourcesBuildPhase section */
		ABFCBDE5240F405600480CA7 /* Sources */ = {
			isa = PBXSourcesBuildPhase;
			buildActionMask = 2147483647;
			files = (
				574493A3243961480093F0DE /* ReviewCell.swift in Sources */,
				5721C2092431BAAD00358042 /* ShopFilterView.swift in Sources */,
				AB76C2F3240F44B100D54A4E /* FavoritesVC.swift in Sources */,
				574493AF243A0E860093F0DE /* Date+Ext.swift in Sources */,
				AB2B46792420C241006EFE10 /* FSLAccountDetailVC.swift in Sources */,
				5744939D243960F20093F0DE /* ShopCell.swift in Sources */,
				AB3C163F242F5DCC00EB87E2 /* FLIconImage.swift in Sources */,
				AB3C1635242F57CF00EB87E2 /* FLAlertVC.swift in Sources */,
				574493B7243C60E40093F0DE /* FLHeaderSV.swift in Sources */,
				AB3C1616242F55C300EB87E2 /* FLRegularImageView.swift in Sources */,
				5744939F243961110093F0DE /* EventCell.swift in Sources */,
				5721C1FD24317B7300358042 /* ShopHeaderSV.swift in Sources */,
				AB4CF7F62411430A001D02E9 /* UIViewController+Ext.swift in Sources */,
				5721C1FF24317B9700358042 /* ShopListCell.swift in Sources */,
				57099893243C9C0300929A49 /* EventListCell.swift in Sources */,
				AB2B466B241F3C74006EFE10 /* FSLHeadView.swift in Sources */,
				574493972433218A0093F0DE /* ShopInfo.swift in Sources */,
				AB3C1627242F572300EB87E2 /* HomeTuanGoCell.swift in Sources */,
				ABCD3BED2413B6700049AC73 /* Kandan.swift in Sources */,
				AB76C2FB240F9E2C00D54A4E /* SignUpVC.swift in Sources */,
				574493B5243C5BAA0093F0DE /* ProductListCell.swift in Sources */,
				AB2B46752420B9B6006EFE10 /* FSLItemInfoView.swift in Sources */,
				570998BA2442F58500929A49 /* SearchResult.swift in Sources */,
				AB3C1637242F57EB00EB87E2 /* FLPageControl.swift in Sources */,
				ABCD3BF12413B71E0049AC73 /* Review.swift in Sources */,
				AB3C1607242F53DE00EB87E2 /* FLError.swift in Sources */,
				AB3C161C242F569A00EB87E2 /* FLBodyLabel.swift in Sources */,
				AB3C15FF242F3FD000EB87E2 /* FSLLine.swift in Sources */,
				57099891243C9BB400929A49 /* EventVC.swift in Sources */,
				AB3C162B242F576C00EB87E2 /* FLTextField.swift in Sources */,
				570998C2244561E400929A49 /* FLEmptyStateView.swift in Sources */,
				AB3C1618242F565F00EB87E2 /* FLAlertContainerView.swift in Sources */,
				AB3C1625242F571600EB87E2 /* HomeCategoryCell.swift in Sources */,
				AB3C15F7242F275A00EB87E2 /* UIView+Ext.swift in Sources */,
				AB3C162F242F57A600EB87E2 /* SearchBarVC.swift in Sources */,
				AB3C1603242F52BD00EB87E2 /* TuanGo.swift in Sources */,
				AB5117502445D4D200F3EEE4 /* FillAcccountDetailVC.swift in Sources */,
				ABCD3BE92413B5560049AC73 /* Event.swift in Sources */,
				570998B62441CCEB00929A49 /* PersistenceManager.swift in Sources */,
				AB51174E2445A36100F3EEE4 /* FLUnderlineTextButton.swift in Sources */,
				AB3C1631242F57B400EB87E2 /* FLAdvertVC.swift in Sources */,
				AB3C1620242F56D500EB87E2 /* FLStrikeThroughLabel.swift in Sources */,
				AB76C2F5240F44BC00D54A4E /* AccountVC.swift in Sources */,
				AB3C1623242F570500EB87E2 /* advertCell.swift in Sources */,
				ABCD3BDE2413B0B70049AC73 /* Customer.swift in Sources */,
				AB76C2EF240F448400D54A4E /* HomeVC.swift in Sources */,
				ABFCBDED240F405600480CA7 /* AppDelegate.swift in Sources */,
				AB3C1639242F580400EB87E2 /* FLScrollView.swift in Sources */,
				AB3C163D242F584B00EB87E2 /* WalletVC.swift in Sources */,
				57449393243321610093F0DE /* ShopInfoVC.swift in Sources */,
				ABFCBDEF240F405600480CA7 /* SceneDelegate.swift in Sources */,
				570998C42445841600929A49 /* FLAddToCartSuccessVC.swift in Sources */,
				AB2B46712420A59D006EFE10 /* String+Ext.swift in Sources */,
				5721C1FB24317B2700358042 /* ShopFilterCell.swift in Sources */,
				AB3C162D242F577F00EB87E2 /* FLButton.swift in Sources */,
				AB3C161A242F568100EB87E2 /* FLTitleLabel.swift in Sources */,
				574493A1243961330093F0DE /* ProductCell.swift in Sources */,
				AB2B466D241F47BA006EFE10 /* SignInVC.swift in Sources */,
				AB4CF7F324114165001D02E9 /* FSLAlertVC.swift in Sources */,
				AB3C15EE242F206800EB87E2 /* ShopVC.swift in Sources */,
				570998BC24446BA300929A49 /* SearchTag.swift in Sources */,
				AB3C15F9242F2C0F00EB87E2 /* FSLAvatarImageView.swift in Sources */,
				AB3C1601242F529700EB87E2 /* FirestoreManager.swift in Sources */,
				AB3C1609242F544A00EB87E2 /* UIHelper.swift in Sources */,
				AB3C160B242F547800EB87E2 /* FLNavigationBar.swift in Sources */,
				AB3C160F242F550500EB87E2 /* FLSignInHeadView.swift in Sources */,
				ABCD3BE52413B3F30049AC73 /* Merchant.swift in Sources */,
				ABCD3BE72413B4840049AC73 /* Shop.swift in Sources */,
				570998B82441D25E00929A49 /* FLDataLoadingVC.swift in Sources */,
				AB5117522445DFDE00F3EEE4 /* FLPausedView.swift in Sources */,
				570998B42441CCB900929A49 /* SearchCell.swift in Sources */,
				ABCD3BEB2413B5FF0049AC73 /* Product.swift in Sources */,
				574493B1243C57BE0093F0DE /* ProductVC.swift in Sources */,
				574493AD2439A3CC0093F0DE /* ReviewImageCell.swift in Sources */,
				AB3C163B242F582600EB87E2 /* SearchVC.swift in Sources */,
				AB3C1605242F52D000EB87E2 /* AdImage.swift in Sources */,
				AB4CF7EF24113815001D02E9 /* SignInWithEmailVC.swift in Sources */,
				AB3C161E242F56B400EB87E2 /* FLSecondaryTitleLabel.swift in Sources */,
				ABCD3BEF2413B6C50049AC73 /* Card.swift in Sources */,
				574493A5243961610093F0DE /* RecommendationCell.swift in Sources */,
				AB2B465A241F36B6006EFE10 /* Constants.swift in Sources */,
				AB3C1633242F57C200EB87E2 /* HomeLocationVC.swift in Sources */,
				AB3C160D242F54D200EB87E2 /* FLTabBarController.swift in Sources */,
			);
			runOnlyForDeploymentPostprocessing = 0;
		};
/* End PBXSourcesBuildPhase section */

/* Begin PBXVariantGroup section */
		ABFCBDF7240F405700480CA7 /* LaunchScreen.storyboard */ = {
			isa = PBXVariantGroup;
			children = (
				ABFCBDF8240F405700480CA7 /* Base */,
			);
			name = LaunchScreen.storyboard;
			sourceTree = "<group>";
		};
/* End PBXVariantGroup section */

/* Begin XCBuildConfiguration section */
		ABFCBDFB240F405700480CA7 /* Debug */ = {
			isa = XCBuildConfiguration;
			buildSettings = {
				ALWAYS_SEARCH_USER_PATHS = NO;
				CLANG_ANALYZER_NONNULL = YES;
				CLANG_ANALYZER_NUMBER_OBJECT_CONVERSION = YES_AGGRESSIVE;
				CLANG_CXX_LANGUAGE_STANDARD = "gnu++14";
				CLANG_CXX_LIBRARY = "libc++";
				CLANG_ENABLE_MODULES = YES;
				CLANG_ENABLE_OBJC_ARC = YES;
				CLANG_ENABLE_OBJC_WEAK = YES;
				CLANG_WARN_BLOCK_CAPTURE_AUTORELEASING = YES;
				CLANG_WARN_BOOL_CONVERSION = YES;
				CLANG_WARN_COMMA = YES;
				CLANG_WARN_CONSTANT_CONVERSION = YES;
				CLANG_WARN_DEPRECATED_OBJC_IMPLEMENTATIONS = YES;
				CLANG_WARN_DIRECT_OBJC_ISA_USAGE = YES_ERROR;
				CLANG_WARN_DOCUMENTATION_COMMENTS = YES;
				CLANG_WARN_EMPTY_BODY = YES;
				CLANG_WARN_ENUM_CONVERSION = YES;
				CLANG_WARN_INFINITE_RECURSION = YES;
				CLANG_WARN_INT_CONVERSION = YES;
				CLANG_WARN_NON_LITERAL_NULL_CONVERSION = YES;
				CLANG_WARN_OBJC_IMPLICIT_RETAIN_SELF = YES;
				CLANG_WARN_OBJC_LITERAL_CONVERSION = YES;
				CLANG_WARN_OBJC_ROOT_CLASS = YES_ERROR;
				CLANG_WARN_RANGE_LOOP_ANALYSIS = YES;
				CLANG_WARN_STRICT_PROTOTYPES = YES;
				CLANG_WARN_SUSPICIOUS_MOVE = YES;
				CLANG_WARN_UNGUARDED_AVAILABILITY = YES_AGGRESSIVE;
				CLANG_WARN_UNREACHABLE_CODE = YES;
				CLANG_WARN__DUPLICATE_METHOD_MATCH = YES;
				COPY_PHASE_STRIP = NO;
				DEBUG_INFORMATION_FORMAT = dwarf;
				ENABLE_STRICT_OBJC_MSGSEND = YES;
				ENABLE_TESTABILITY = YES;
				GCC_C_LANGUAGE_STANDARD = gnu11;
				GCC_DYNAMIC_NO_PIC = NO;
				GCC_NO_COMMON_BLOCKS = YES;
				GCC_OPTIMIZATION_LEVEL = 0;
				GCC_PREPROCESSOR_DEFINITIONS = (
					"DEBUG=1",
					"$(inherited)",
				);
				GCC_WARN_64_TO_32_BIT_CONVERSION = YES;
				GCC_WARN_ABOUT_RETURN_TYPE = YES_ERROR;
				GCC_WARN_UNDECLARED_SELECTOR = YES;
				GCC_WARN_UNINITIALIZED_AUTOS = YES_AGGRESSIVE;
				GCC_WARN_UNUSED_FUNCTION = YES;
				GCC_WARN_UNUSED_VARIABLE = YES;
				IPHONEOS_DEPLOYMENT_TARGET = 13.2;
				MTL_ENABLE_DEBUG_INFO = INCLUDE_SOURCE;
				MTL_FAST_MATH = YES;
				ONLY_ACTIVE_ARCH = YES;
				SDKROOT = iphoneos;
				SWIFT_ACTIVE_COMPILATION_CONDITIONS = DEBUG;
				SWIFT_OPTIMIZATION_LEVEL = "-Onone";
			};
			name = Debug;
		};
		ABFCBDFC240F405700480CA7 /* Release */ = {
			isa = XCBuildConfiguration;
			buildSettings = {
				ALWAYS_SEARCH_USER_PATHS = NO;
				CLANG_ANALYZER_NONNULL = YES;
				CLANG_ANALYZER_NUMBER_OBJECT_CONVERSION = YES_AGGRESSIVE;
				CLANG_CXX_LANGUAGE_STANDARD = "gnu++14";
				CLANG_CXX_LIBRARY = "libc++";
				CLANG_ENABLE_MODULES = YES;
				CLANG_ENABLE_OBJC_ARC = YES;
				CLANG_ENABLE_OBJC_WEAK = YES;
				CLANG_WARN_BLOCK_CAPTURE_AUTORELEASING = YES;
				CLANG_WARN_BOOL_CONVERSION = YES;
				CLANG_WARN_COMMA = YES;
				CLANG_WARN_CONSTANT_CONVERSION = YES;
				CLANG_WARN_DEPRECATED_OBJC_IMPLEMENTATIONS = YES;
				CLANG_WARN_DIRECT_OBJC_ISA_USAGE = YES_ERROR;
				CLANG_WARN_DOCUMENTATION_COMMENTS = YES;
				CLANG_WARN_EMPTY_BODY = YES;
				CLANG_WARN_ENUM_CONVERSION = YES;
				CLANG_WARN_INFINITE_RECURSION = YES;
				CLANG_WARN_INT_CONVERSION = YES;
				CLANG_WARN_NON_LITERAL_NULL_CONVERSION = YES;
				CLANG_WARN_OBJC_IMPLICIT_RETAIN_SELF = YES;
				CLANG_WARN_OBJC_LITERAL_CONVERSION = YES;
				CLANG_WARN_OBJC_ROOT_CLASS = YES_ERROR;
				CLANG_WARN_RANGE_LOOP_ANALYSIS = YES;
				CLANG_WARN_STRICT_PROTOTYPES = YES;
				CLANG_WARN_SUSPICIOUS_MOVE = YES;
				CLANG_WARN_UNGUARDED_AVAILABILITY = YES_AGGRESSIVE;
				CLANG_WARN_UNREACHABLE_CODE = YES;
				CLANG_WARN__DUPLICATE_METHOD_MATCH = YES;
				COPY_PHASE_STRIP = NO;
				DEBUG_INFORMATION_FORMAT = "dwarf-with-dsym";
				ENABLE_NS_ASSERTIONS = NO;
				ENABLE_STRICT_OBJC_MSGSEND = YES;
				GCC_C_LANGUAGE_STANDARD = gnu11;
				GCC_NO_COMMON_BLOCKS = YES;
				GCC_WARN_64_TO_32_BIT_CONVERSION = YES;
				GCC_WARN_ABOUT_RETURN_TYPE = YES_ERROR;
				GCC_WARN_UNDECLARED_SELECTOR = YES;
				GCC_WARN_UNINITIALIZED_AUTOS = YES_AGGRESSIVE;
				GCC_WARN_UNUSED_FUNCTION = YES;
				GCC_WARN_UNUSED_VARIABLE = YES;
				IPHONEOS_DEPLOYMENT_TARGET = 13.2;
				MTL_ENABLE_DEBUG_INFO = NO;
				MTL_FAST_MATH = YES;
				SDKROOT = iphoneos;
				SWIFT_COMPILATION_MODE = wholemodule;
				SWIFT_OPTIMIZATION_LEVEL = "-O";
				VALIDATE_PRODUCT = YES;
			};
			name = Release;
		};
		ABFCBDFE240F405700480CA7 /* Debug */ = {
			isa = XCBuildConfiguration;
			baseConfigurationReference = 478488C522634D1CF76B9418 /* Pods-MySimpleTest.debug.xcconfig */;
			buildSettings = {
				ASSETCATALOG_COMPILER_APPICON_NAME = AppIcon;
				CODE_SIGN_STYLE = Automatic;
				DEVELOPMENT_TEAM = M6H7Q89SZN;
				INFOPLIST_FILE = MySimpleTest/Info.plist;
				LD_RUNPATH_SEARCH_PATHS = (
					"$(inherited)",
					"@executable_path/Frameworks",
				);
				PRODUCT_BUNDLE_IDENTIFIER = com.example.MySimpleTest;
				PRODUCT_NAME = "$(TARGET_NAME)";
				SWIFT_VERSION = 5.0;
				TARGETED_DEVICE_FAMILY = "1,2";
			};
			name = Debug;
		};
		ABFCBDFF240F405700480CA7 /* Release */ = {
			isa = XCBuildConfiguration;
			baseConfigurationReference = FEE704E0FC9915B3059DC2F7 /* Pods-MySimpleTest.release.xcconfig */;
			buildSettings = {
				ASSETCATALOG_COMPILER_APPICON_NAME = AppIcon;
				CODE_SIGN_STYLE = Automatic;
				DEVELOPMENT_TEAM = M6H7Q89SZN;
				INFOPLIST_FILE = MySimpleTest/Info.plist;
				LD_RUNPATH_SEARCH_PATHS = (
					"$(inherited)",
					"@executable_path/Frameworks",
				);
				PRODUCT_BUNDLE_IDENTIFIER = com.example.MySimpleTest;
				PRODUCT_NAME = "$(TARGET_NAME)";
				SWIFT_VERSION = 5.0;
				TARGETED_DEVICE_FAMILY = "1,2";
			};
			name = Release;
		};
/* End XCBuildConfiguration section */

/* Begin XCConfigurationList section */
		ABFCBDE4240F405600480CA7 /* Build configuration list for PBXProject "MySimpleTest" */ = {
			isa = XCConfigurationList;
			buildConfigurations = (
				ABFCBDFB240F405700480CA7 /* Debug */,
				ABFCBDFC240F405700480CA7 /* Release */,
			);
			defaultConfigurationIsVisible = 0;
			defaultConfigurationName = Release;
		};
		ABFCBDFD240F405700480CA7 /* Build configuration list for PBXNativeTarget "MySimpleTest" */ = {
			isa = XCConfigurationList;
			buildConfigurations = (
				ABFCBDFE240F405700480CA7 /* Debug */,
				ABFCBDFF240F405700480CA7 /* Release */,
			);
			defaultConfigurationIsVisible = 0;
			defaultConfigurationName = Release;
		};
/* End XCConfigurationList section */
	};
	rootObject = ABFCBDE1240F405600480CA7 /* Project object */;
}
